{
    "_readme": [
        "This file locks the dependencies of your project to a known state",
        "Read more about it at https://getcomposer.org/doc/01-basic-usage.md#composer-lock-the-lock-file",
        "This file is @generated automatically"
    ],
    "content-hash": "4c68e77849abf3a04a24bf7d1169330e",
    "packages": [
        {
            "name": "beowulfenator/yii2-json-editor",
            "version": "1.1.3",
            "source": {
                "type": "git",
                "url": "https://github.com/beowulfenator/yii2-json-editor.git",
                "reference": "17c6c3279b31fc10317284c15eb0e430fcbb212b"
            },
            "dist": {
                "type": "zip",
                "url": "https://api.github.com/repos/beowulfenator/yii2-json-editor/zipball/17c6c3279b31fc10317284c15eb0e430fcbb212b",
                "reference": "17c6c3279b31fc10317284c15eb0e430fcbb212b",
                "shasum": ""
            },
            "require": {
                "bower-asset/json-editor": "0.*",
                "bower-asset/selectize": "~0.12.0",
                "yiisoft/yii2": "~2.0.0"
            },
            "type": "yii2-extension",
            "extra": {
                "asset-installer-paths": {
                    "npm-asset-library": "vendor/npm",
                    "bower-asset-library": "vendor/bower"
                }
            },
            "autoload": {
                "psr-4": {
                    "beowulfenator\\JsonEditor\\": "src"
                }
            },
            "notification-url": "https://packagist.org/downloads/",
            "license": [
                "BSD-2-Clause"
            ],
            "authors": [
                {
                    "name": "Konstantin Sirotkin",
                    "email": "beowulfenator@gmail.com",
                    "role": "Developer"
                }
            ],
            "description": "Yii2 wrapper for jdorn/json-editor",
            "homepage": "https://github.com/beowulfenator/yii2-json-editor",
            "keywords": [
                "json",
                "json-editor",
                "yii2"
            ],
            "time": "2016-06-20T09:04:55+00:00"
        },
        {
            "name": "bower-asset/bootstrap",
            "version": "v3.3.7",
            "source": {
                "type": "git",
                "url": "https://github.com/twbs/bootstrap.git",
                "reference": "0b9c4a4007c44201dce9a6cc1a38407005c26c86"
            },
            "dist": {
                "type": "zip",
                "url": "https://api.github.com/repos/twbs/bootstrap/zipball/0b9c4a4007c44201dce9a6cc1a38407005c26c86",
                "reference": "0b9c4a4007c44201dce9a6cc1a38407005c26c86",
                "shasum": ""
            },
            "require": {
                "bower-asset/jquery": ">=1.9.1,<4.0"
            },
            "type": "bower-asset-library",
            "extra": {
                "bower-asset-main": [
                    "less/bootstrap.less",
                    "dist/js/bootstrap.js"
                ],
                "bower-asset-ignore": [
                    "/.*",
                    "_config.yml",
                    "CNAME",
                    "composer.json",
                    "CONTRIBUTING.md",
                    "docs",
                    "js/tests",
                    "test-infra"
                ]
            },
            "license": [
                "MIT"
            ],
            "description": "The most popular front-end framework for developing responsive, mobile first projects on the web.",
            "keywords": [
                "css",
                "framework",
                "front-end",
                "js",
                "less",
                "mobile-first",
                "responsive",
                "web"
            ]
        },
        {
            "name": "bower-asset/jquery",
            "version": "2.2.4",
            "source": {
                "type": "git",
                "url": "https://github.com/jquery/jquery-dist.git",
                "reference": "c0185ab7c75aab88762c5aae780b9d83b80eda72"
            },
            "dist": {
                "type": "zip",
                "url": "https://api.github.com/repos/jquery/jquery-dist/zipball/c0185ab7c75aab88762c5aae780b9d83b80eda72",
                "reference": "c0185ab7c75aab88762c5aae780b9d83b80eda72",
                "shasum": ""
            },
            "type": "bower-asset-library",
            "extra": {
                "bower-asset-main": "dist/jquery.js",
                "bower-asset-ignore": [
                    "package.json"
                ]
            },
            "license": [
                "MIT"
            ],
            "keywords": [
                "browser",
                "javascript",
                "jquery",
                "library"
            ]
        },
        {
            "name": "bower-asset/jquery.inputmask",
            "version": "3.3.4",
            "source": {
                "type": "git",
                "url": "https://github.com/RobinHerbots/jquery.inputmask.git",
                "reference": "a55007d1e535d3a734972dbfc1969d98f8449e94"
            },
            "dist": {
                "type": "zip",
                "url": "https://api.github.com/repos/RobinHerbots/jquery.inputmask/zipball/a55007d1e535d3a734972dbfc1969d98f8449e94",
                "reference": "a55007d1e535d3a734972dbfc1969d98f8449e94",
                "shasum": ""
            },
            "require": {
                "bower-asset/jquery": ">=1.7"
            },
            "type": "bower-asset-library",
            "extra": {
                "bower-asset-main": [
                    "./dist/inputmask/inputmask.dependencyLib",
                    "./dist/inputmask/inputmask",
                    "./dist/inputmask/inputmask.extensions",
                    "./dist/inputmask/inputmask.date.extensions",
                    "./dist/inputmask/inputmask.numeric.extensions",
                    "./dist/inputmask/inputmask.phone.extensions",
                    "./dist/inputmask/inputmask.regex.extensions",
                    "./dist/inputmask/jquery.inputmask"
                ],
                "bower-asset-ignore": [
                    "**/*",
                    "!dist/*",
                    "!dist/inputmask/*",
                    "!dist/min/*",
                    "!dist/min/inputmask/*",
                    "!extra/bindings/*",
                    "!extra/dependencyLibs/*",
                    "!extra/phone-codes/*"
                ]
            },
            "license": [
                "http://opensource.org/licenses/mit-license.php"
            ],
            "description": "jquery.inputmask is a jquery plugin which create an input mask.",
            "keywords": [
                "form",
                "input",
                "inputmask",
                "jquery",
                "mask",
                "plugins"
            ]
        },
        {
            "name": "bower-asset/json-editor",
            "version": "v0.7.28",
            "source": {
                "type": "git",
                "url": "https://github.com/jdorn/json-editor.git",
                "reference": "26e221593e3678794d4abf6c0ba98ccb180c7387"
            },
            "dist": {
                "type": "zip",
                "url": "https://api.github.com/repos/jdorn/json-editor/zipball/26e221593e3678794d4abf6c0ba98ccb180c7387",
                "reference": "26e221593e3678794d4abf6c0ba98ccb180c7387",
                "shasum": ""
            },
            "type": "bower-asset-library",
            "extra": {
                "bower-asset-main": "dist/jsoneditor.js",
                "bower-asset-ignore": [
                    "**/.*",
                    "*.md",
                    "tests",
                    "examples",
                    "demo.html",
                    "*.png",
                    "package.json",
                    "Gruntfile.js",
                    "src"
                ]
            },
            "license": [
                "MIT"
            ],
            "description": "JSON Schema based editor",
            "keywords": [
                "editor",
                "json",
                "jsonschema",
                "schema"
            ]
        },
        {
            "name": "bower-asset/microplugin",
            "version": "v0.0.3",
            "source": {
                "type": "git",
                "url": "https://github.com/brianreavis/microplugin.js.git",
                "reference": "d8671e6cc769938648f8735610534427cdeeaf67"
            },
            "dist": {
                "type": "zip",
                "url": "https://api.github.com/repos/brianreavis/microplugin.js/zipball/d8671e6cc769938648f8735610534427cdeeaf67",
                "reference": "d8671e6cc769938648f8735610534427cdeeaf67",
                "shasum": ""
            },
            "type": "bower-asset-library",
            "extra": {
                "bower-asset-main": [
                    "src/microplugin.js"
                ],
                "bower-asset-ignore": [
                    "Makefile",
                    "test",
                    ".travis.yml",
                    ".npmignore.yml"
                ]
            },
            "license": [
                "Apache License, Version 2.0"
            ],
            "description": "A lightweight plugin / dependency system for javascript libraries.",
            "keywords": [
                "architecture",
                "dependencies",
                "extensibility",
                "plugins",
                "require"
            ]
        },
        {
            "name": "bower-asset/punycode",
            "version": "v1.3.2",
            "source": {
                "type": "git",
                "url": "https://github.com/bestiejs/punycode.js.git",
                "reference": "38c8d3131a82567bfef18da09f7f4db68c84f8a3"
            },
            "dist": {
                "type": "zip",
                "url": "https://api.github.com/repos/bestiejs/punycode.js/zipball/38c8d3131a82567bfef18da09f7f4db68c84f8a3",
                "reference": "38c8d3131a82567bfef18da09f7f4db68c84f8a3",
                "shasum": ""
            },
            "type": "bower-asset-library",
            "extra": {
                "bower-asset-main": "punycode.js",
                "bower-asset-ignore": [
                    "coverage",
                    "tests",
                    ".*",
                    "component.json",
                    "Gruntfile.js",
                    "node_modules",
                    "package.json"
                ]
            }
        },
        {
            "name": "bower-asset/selectize",
            "version": "v0.12.4",
            "source": {
                "type": "git",
                "url": "https://github.com/selectize/selectize.js.git",
                "reference": "47e048662d865c4f1ea3b2337de5e06e92fd9530"
            },
            "dist": {
                "type": "zip",
                "url": "https://api.github.com/repos/selectize/selectize.js/zipball/47e048662d865c4f1ea3b2337de5e06e92fd9530",
                "reference": "47e048662d865c4f1ea3b2337de5e06e92fd9530",
                "shasum": ""
            },
            "require": {
                "bower-asset/jquery": ">=1.7.0",
                "bower-asset/microplugin": "dev-0.0.x|0.0.x",
                "bower-asset/sifter": "dev-0.5.x|0.5.x"
            },
            "require-dev": {
                "bower-asset/bootstrap-2": "~2",
                "bower-asset/bootstrap-3.2": "3.2"
            },
            "type": "bower-asset-library",
            "extra": {
                "bower-asset-main": [
                    "dist/css/selectize.css",
                    "dist/js/selectize.js"
                ],
                "bower-asset-ignore": [
                    "Makefile",
                    "Gruntfile.js",
                    "examples",
                    "node_modules",
                    "bower_components",
                    "docs",
                    "src",
                    "test",
                    ".travis.yml",
                    "testem.json",
                    "selectize.jquery.json",
                    "*.sh",
                    "package.json"
                ]
            },
            "license": [
                "Apache License, Version 2.0"
            ],
            "description": "Selectize is a jQuery-based custom <select> UI control. Useful for tagging, contact lists, country selectors, etc.",
            "keywords": [
                "autocomplete",
                "control",
                "form",
                "input",
                "select",
                "tag",
                "tagging",
                "ui"
            ]
        },
        {
            "name": "bower-asset/sifter",
            "version": "v0.5.2",
            "source": {
                "type": "git",
                "url": "https://github.com/brianreavis/sifter.js.git",
                "reference": "4ba7422542bf188c1fdb4bbc341fc4fcc1ff0680"
            },
            "dist": {
                "type": "zip",
                "url": "https://api.github.com/repos/brianreavis/sifter.js/zipball/4ba7422542bf188c1fdb4bbc341fc4fcc1ff0680",
                "reference": "4ba7422542bf188c1fdb4bbc341fc4fcc1ff0680",
                "shasum": ""
            },
            "type": "bower-asset-library",
            "extra": {
                "bower-asset-main": [
                    "sifter.js"
                ],
                "bower-asset-ignore": [
                    "Makefile",
                    "test",
                    "lib",
                    "bin",
                    "benchmark",
                    "node_modules",
                    ".travis.yml"
                ]
            },
            "license": [
                "Apache License, Version 2.0"
            ],
            "description": "A library for textually searching arrays and hashes of objects by property (or multiple properties). Designed specifically for autocomplete.",
            "keywords": [
                "autocomplete",
                "data",
                "filter",
                "match",
                "results",
                "search",
                "sift",
                "sort"
            ]
        },
        {
            "name": "bower-asset/yii2-pjax",
            "version": "v2.0.6",
            "source": {
                "type": "git",
                "url": "https://github.com/yiisoft/jquery-pjax.git",
                "reference": "60728da6ade5879e807a49ce59ef9a72039b8978"
            },
            "dist": {
                "type": "zip",
                "url": "https://api.github.com/repos/yiisoft/jquery-pjax/zipball/60728da6ade5879e807a49ce59ef9a72039b8978",
                "reference": "60728da6ade5879e807a49ce59ef9a72039b8978",
                "shasum": ""
            },
            "require": {
                "bower-asset/jquery": ">=1.8"
            },
            "type": "bower-asset-library",
            "extra": {
                "bower-asset-main": "./jquery.pjax.js",
                "bower-asset-ignore": [
                    ".travis.yml",
                    "Gemfile",
                    "Gemfile.lock",
                    "CONTRIBUTING.md",
                    "vendor/",
                    "script/",
                    "test/"
                ]
            },
            "license": [
                "MIT"
            ]
        },
        {
            "name": "cebe/markdown",
            "version": "1.1.1",
            "source": {
                "type": "git",
                "url": "https://github.com/cebe/markdown.git",
                "reference": "c30eb5e01fe021cc5bba2f9ee0eeef96d4931166"
            },
            "dist": {
                "type": "zip",
                "url": "https://api.github.com/repos/cebe/markdown/zipball/c30eb5e01fe021cc5bba2f9ee0eeef96d4931166",
                "reference": "c30eb5e01fe021cc5bba2f9ee0eeef96d4931166",
                "shasum": ""
            },
            "require": {
                "lib-pcre": "*",
                "php": ">=5.4.0"
            },
            "require-dev": {
                "cebe/indent": "*",
                "facebook/xhprof": "*@dev",
                "phpunit/phpunit": "4.1.*"
            },
            "bin": [
                "bin/markdown"
            ],
            "type": "library",
            "extra": {
                "branch-alias": {
                    "dev-master": "1.1.x-dev"
                }
            },
            "autoload": {
                "psr-4": {
                    "cebe\\markdown\\": ""
                }
            },
            "notification-url": "https://packagist.org/downloads/",
            "license": [
                "MIT"
            ],
            "authors": [
                {
                    "name": "Carsten Brandt",
                    "email": "mail@cebe.cc",
                    "homepage": "http://cebe.cc/",
                    "role": "Creator"
                }
            ],
            "description": "A super fast, highly extensible markdown parser for PHP",
            "homepage": "https://github.com/cebe/markdown#readme",
            "keywords": [
                "extensible",
                "fast",
                "gfm",
                "markdown",
                "markdown-extra"
            ],
            "time": "2016-09-14T20:40:20+00:00"
        },
        {
            "name": "codemix/yii2-streamlog",
            "version": "1.2.1",
            "source": {
                "type": "git",
                "url": "https://github.com/codemix/yii2-streamlog.git",
                "reference": "46717733b46a91dd323888349b323fb0bd989e2e"
            },
            "dist": {
                "type": "zip",
                "url": "https://api.github.com/repos/codemix/yii2-streamlog/zipball/46717733b46a91dd323888349b323fb0bd989e2e",
                "reference": "46717733b46a91dd323888349b323fb0bd989e2e",
                "shasum": ""
            },
            "type": "library",
            "autoload": {
                "psr-4": {
                    "codemix\\streamlog\\": "src/"
                }
            },
            "notification-url": "https://packagist.org/downloads/",
            "license": [
                "MIT"
            ],
            "authors": [
                {
                    "name": "Michael Härtl",
                    "email": "haertl.mike@gmail.com"
                }
            ],
            "description": "A Yii 2 log target for streams in URL format",
            "keywords": [
                "log",
                "stdout",
                "stream",
                "yii2"
            ],
            "time": "2017-02-16T14:50:01+00:00"
        },
        {
            "name": "dmstr/yii2-contact-module",
            "version": "0.1.3",
            "source": {
                "type": "git",
                "url": "https://github.com/dmstr/yii2-contact-module.git",
                "reference": "fdad0de36a8094b842d4e2a28d742bb59d505ced"
            },
            "dist": {
                "type": "zip",
                "url": "https://api.github.com/repos/dmstr/yii2-contact-module/zipball/fdad0de36a8094b842d4e2a28d742bb59d505ced",
                "reference": "fdad0de36a8094b842d4e2a28d742bb59d505ced",
                "shasum": ""
            },
            "require": {
                "beowulfenator/yii2-json-editor": "^1.1.3",
                "justinrainbow/json-schema": "^5.2.0",
                "pheme/yii2-settings": "^0.4",
                "yiisoft/yii2": "*"
            },
            "type": "yii2-extension",
            "autoload": {
                "psr-4": {
                    "dmstr\\modules\\contact\\": "src/"
                }
            },
            "notification-url": "https://packagist.org/downloads/",
            "license": [
                "BSD-4-Clause"
            ],
            "authors": [
                {
                    "name": "Tobias Munk",
                    "email": "tobias@diemeisterei.de"
                }
            ],
            "description": "Contact form manager for Yii 2.0 Framework",
            "keywords": [
                "extension",
                "yii2"
            ],
            "time": "2017-04-09T18:54:54+00:00"
        },
        {
            "name": "ezyang/htmlpurifier",
            "version": "v4.9.2",
            "source": {
                "type": "git",
                "url": "https://github.com/ezyang/htmlpurifier.git",
                "reference": "6d50e5282afdfdfc3e0ff6d192aff56c5629b3d4"
            },
            "dist": {
                "type": "zip",
                "url": "https://api.github.com/repos/ezyang/htmlpurifier/zipball/6d50e5282afdfdfc3e0ff6d192aff56c5629b3d4",
                "reference": "6d50e5282afdfdfc3e0ff6d192aff56c5629b3d4",
                "shasum": ""
            },
            "require": {
                "php": ">=5.2"
            },
            "require-dev": {
                "simpletest/simpletest": "^1.1"
            },
            "type": "library",
            "autoload": {
                "psr-0": {
                    "HTMLPurifier": "library/"
                },
                "files": [
                    "library/HTMLPurifier.composer.php"
                ]
            },
            "notification-url": "https://packagist.org/downloads/",
            "license": [
                "LGPL"
            ],
            "authors": [
                {
                    "name": "Edward Z. Yang",
                    "email": "admin@htmlpurifier.org",
                    "homepage": "http://ezyang.com"
                }
            ],
            "description": "Standards compliant HTML filter written in PHP",
            "homepage": "http://htmlpurifier.org/",
            "keywords": [
                "html"
            ],
            "time": "2017-03-13T06:30:53+00:00"
        },
        {
            "name": "justinrainbow/json-schema",
            "version": "5.2.0",
            "source": {
                "type": "git",
                "url": "https://github.com/justinrainbow/json-schema.git",
                "reference": "e3c9bccdc38bbd09bcac0131c00f3be58368b416"
            },
            "dist": {
                "type": "zip",
                "url": "https://api.github.com/repos/justinrainbow/json-schema/zipball/e3c9bccdc38bbd09bcac0131c00f3be58368b416",
                "reference": "e3c9bccdc38bbd09bcac0131c00f3be58368b416",
                "shasum": ""
            },
            "require": {
                "php": ">=5.3.3"
            },
            "require-dev": {
                "friendsofphp/php-cs-fixer": "^2.1",
                "json-schema/json-schema-test-suite": "1.2.0",
                "phpdocumentor/phpdocumentor": "~2",
                "phpunit/phpunit": "^4.8.22"
            },
            "bin": [
                "bin/validate-json"
            ],
            "type": "library",
            "extra": {
                "branch-alias": {
                    "dev-master": "5.0.x-dev"
                }
            },
            "autoload": {
                "psr-4": {
                    "JsonSchema\\": "src/JsonSchema/"
                }
            },
            "notification-url": "https://packagist.org/downloads/",
            "license": [
                "MIT"
            ],
            "authors": [
                {
                    "name": "Bruno Prieto Reis",
                    "email": "bruno.p.reis@gmail.com"
                },
                {
                    "name": "Justin Rainbow",
                    "email": "justin.rainbow@gmail.com"
                },
                {
                    "name": "Igor Wiedler",
                    "email": "igor@wiedler.ch"
                },
                {
                    "name": "Robert Schönthal",
                    "email": "seroscho@googlemail.com"
                }
            ],
            "description": "A library to validate a json schema.",
            "homepage": "https://github.com/justinrainbow/json-schema",
            "keywords": [
                "json",
                "schema"
            ],
            "time": "2017-03-22T22:43:35+00:00"
        },
        {
            "name": "pheme/yii2-settings",
            "version": "0.4",
            "source": {
                "type": "git",
                "url": "https://github.com/phemellc/yii2-settings.git",
                "reference": "186a7123797a5459883043518a563b26bc0fd6f0"
            },
            "dist": {
                "type": "zip",
                "url": "https://api.github.com/repos/phemellc/yii2-settings/zipball/186a7123797a5459883043518a563b26bc0fd6f0",
                "reference": "186a7123797a5459883043518a563b26bc0fd6f0",
                "shasum": ""
            },
            "require": {
                "pheme/yii2-toggle-column": "*",
                "yiisoft/yii2": ">=2.0.6"
            },
            "type": "yii2-extension",
            "autoload": {
                "psr-4": {
                    "pheme\\settings\\": ""
                }
            },
            "notification-url": "https://packagist.org/downloads/",
            "license": [
                "BSD-3-Clause"
            ],
            "authors": [
                {
                    "name": "Aris Karageorgos",
                    "email": "aris@phe.me"
                }
            ],
            "description": "Yii2 Database settings",
            "keywords": [
                "Settings",
                "config",
                "yii2"
            ],
            "time": "2016-03-03T05:34:35+00:00"
        },
        {
            "name": "pheme/yii2-toggle-column",
            "version": "0.7",
            "source": {
                "type": "git",
                "url": "https://github.com/phemellc/yii2-toggle-column.git",
                "reference": "ddec0552c5b94d9740e8fd4443539ab1a3d96031"
            },
            "dist": {
                "type": "zip",
                "url": "https://api.github.com/repos/phemellc/yii2-toggle-column/zipball/ddec0552c5b94d9740e8fd4443539ab1a3d96031",
                "reference": "ddec0552c5b94d9740e8fd4443539ab1a3d96031",
                "shasum": ""
            },
            "require": {
                "yiisoft/yii2": ">=2.0.7"
            },
            "type": "yii2-extension",
            "autoload": {
                "psr-4": {
                    "\\pheme\\grid\\": ""
                }
            },
            "notification-url": "https://packagist.org/downloads/",
            "license": [
                "MIT"
            ],
            "authors": [
                {
                    "name": "Aris Karageorgos",
                    "email": "aris@phe.me"
                }
            ],
            "description": "Provides a toggle data column and action",
            "keywords": [
                "column",
                "extension",
                "toggle",
                "yii2"
            ],
            "time": "2016-12-23T11:21:11+00:00"
        },
        {
            "name": "vlucas/phpdotenv",
            "version": "v2.4.0",
            "source": {
                "type": "git",
                "url": "https://github.com/vlucas/phpdotenv.git",
                "reference": "3cc116adbe4b11be5ec557bf1d24dc5e3a21d18c"
            },
            "dist": {
                "type": "zip",
                "url": "https://api.github.com/repos/vlucas/phpdotenv/zipball/3cc116adbe4b11be5ec557bf1d24dc5e3a21d18c",
                "reference": "3cc116adbe4b11be5ec557bf1d24dc5e3a21d18c",
                "shasum": ""
            },
            "require": {
                "php": ">=5.3.9"
            },
            "require-dev": {
                "phpunit/phpunit": "^4.8 || ^5.0"
            },
            "type": "library",
            "extra": {
                "branch-alias": {
                    "dev-master": "2.4-dev"
                }
            },
            "autoload": {
                "psr-4": {
                    "Dotenv\\": "src/"
                }
            },
            "notification-url": "https://packagist.org/downloads/",
            "license": [
                "BSD-3-Clause-Attribution"
            ],
            "authors": [
                {
                    "name": "Vance Lucas",
                    "email": "vance@vancelucas.com",
                    "homepage": "http://www.vancelucas.com"
                }
            ],
            "description": "Loads environment variables from `.env` to `getenv()`, `$_ENV` and `$_SERVER` automagically.",
            "keywords": [
                "dotenv",
                "env",
                "environment"
            ],
            "time": "2016-09-01T10:05:43+00:00"
        },
        {
            "name": "yiisoft/yii2",
            "version": "2.0.11.2",
            "source": {
                "type": "git",
                "url": "https://github.com/yiisoft/yii2-framework.git",
                "reference": "ee996adec1dfd7babb67bd0c604f5bd6425fe5ab"
            },
            "dist": {
                "type": "zip",
                "url": "https://api.github.com/repos/yiisoft/yii2-framework/zipball/ee996adec1dfd7babb67bd0c604f5bd6425fe5ab",
                "reference": "ee996adec1dfd7babb67bd0c604f5bd6425fe5ab",
                "shasum": ""
            },
            "require": {
                "bower-asset/jquery": "2.2.*@stable | 2.1.*@stable | 1.11.*@stable | 1.12.*@stable",
                "bower-asset/jquery.inputmask": "~3.2.2 | ~3.3.3",
                "bower-asset/punycode": "1.3.*",
                "bower-asset/yii2-pjax": "~2.0.1",
                "cebe/markdown": "~1.0.0 | ~1.1.0",
                "ext-ctype": "*",
                "ext-mbstring": "*",
                "ezyang/htmlpurifier": "~4.6",
                "lib-pcre": "*",
                "php": ">=5.4.0",
                "yiisoft/yii2-composer": "~2.0.4"
            },
            "bin": [
                "yii"
            ],
            "type": "library",
            "extra": {
                "branch-alias": {
                    "dev-master": "2.0.x-dev"
                }
            },
            "autoload": {
                "psr-4": {
                    "yii\\": ""
                }
            },
            "notification-url": "https://packagist.org/downloads/",
            "license": [
                "BSD-3-Clause"
            ],
            "authors": [
                {
                    "name": "Qiang Xue",
                    "email": "qiang.xue@gmail.com",
                    "homepage": "http://www.yiiframework.com/",
                    "role": "Founder and project lead"
                },
                {
                    "name": "Alexander Makarov",
                    "email": "sam@rmcreative.ru",
                    "homepage": "http://rmcreative.ru/",
                    "role": "Core framework development"
                },
                {
                    "name": "Maurizio Domba",
                    "homepage": "http://mdomba.info/",
                    "role": "Core framework development"
                },
                {
                    "name": "Carsten Brandt",
                    "email": "mail@cebe.cc",
                    "homepage": "http://cebe.cc/",
                    "role": "Core framework development"
                },
                {
                    "name": "Timur Ruziev",
                    "email": "resurtm@gmail.com",
                    "homepage": "http://resurtm.com/",
                    "role": "Core framework development"
                },
                {
                    "name": "Paul Klimov",
                    "email": "klimov.paul@gmail.com",
                    "role": "Core framework development"
                },
                {
                    "name": "Dmitry Naumenko",
                    "email": "d.naumenko.a@gmail.com",
                    "role": "Core framework development"
                },
                {
                    "name": "Boudewijn Vahrmeijer",
                    "email": "info@dynasource.eu",
                    "homepage": "http://dynasource.eu",
                    "role": "Core framework development"
                }
            ],
            "description": "Yii PHP Framework Version 2",
            "homepage": "http://www.yiiframework.com/",
            "keywords": [
                "framework",
                "yii2"
            ],
            "time": "2017-02-08T09:04:32+00:00"
        },
        {
            "name": "yiisoft/yii2-bootstrap",
            "version": "2.0.6",
            "source": {
                "type": "git",
                "url": "https://github.com/yiisoft/yii2-bootstrap.git",
                "reference": "3fd2b8c950cce79d60e9702d6bcb24eb3c80f6c5"
            },
            "dist": {
                "type": "zip",
                "url": "https://api.github.com/repos/yiisoft/yii2-bootstrap/zipball/3fd2b8c950cce79d60e9702d6bcb24eb3c80f6c5",
                "reference": "3fd2b8c950cce79d60e9702d6bcb24eb3c80f6c5",
                "shasum": ""
            },
            "require": {
                "bower-asset/bootstrap": "3.3.* | 3.2.* | 3.1.*",
                "yiisoft/yii2": ">=2.0.6"
            },
            "type": "yii2-extension",
            "extra": {
                "branch-alias": {
                    "dev-master": "2.0.x-dev"
                },
                "asset-installer-paths": {
                    "npm-asset-library": "vendor/npm",
                    "bower-asset-library": "vendor/bower"
                }
            },
            "autoload": {
                "psr-4": {
                    "yii\\bootstrap\\": ""
                }
            },
            "notification-url": "https://packagist.org/downloads/",
            "license": [
                "BSD-3-Clause"
            ],
            "authors": [
                {
                    "name": "Qiang Xue",
                    "email": "qiang.xue@gmail.com"
                }
            ],
            "description": "The Twitter Bootstrap extension for the Yii framework",
            "keywords": [
                "bootstrap",
                "yii2"
            ],
            "time": "2016-03-17T03:29:28+00:00"
        },
        {
            "name": "yiisoft/yii2-composer",
            "version": "2.0.5",
            "source": {
                "type": "git",
                "url": "https://github.com/yiisoft/yii2-composer.git",
                "reference": "3f4923c2bde6caf3f5b88cc22fdd5770f52f8df2"
            },
            "dist": {
                "type": "zip",
                "url": "https://api.github.com/repos/yiisoft/yii2-composer/zipball/3f4923c2bde6caf3f5b88cc22fdd5770f52f8df2",
                "reference": "3f4923c2bde6caf3f5b88cc22fdd5770f52f8df2",
                "shasum": ""
            },
            "require": {
                "composer-plugin-api": "^1.0"
            },
            "require-dev": {
                "composer/composer": "^1.0"
            },
            "type": "composer-plugin",
            "extra": {
                "class": "yii\\composer\\Plugin",
                "branch-alias": {
                    "dev-master": "2.0.x-dev"
                }
            },
            "autoload": {
                "psr-4": {
                    "yii\\composer\\": ""
                }
            },
            "notification-url": "https://packagist.org/downloads/",
            "license": [
                "BSD-3-Clause"
            ],
            "authors": [
                {
                    "name": "Qiang Xue",
                    "email": "qiang.xue@gmail.com"
                }
            ],
            "description": "The composer plugin for Yii extension installer",
            "keywords": [
                "composer",
                "extension installer",
                "yii2"
            ],
            "time": "2016-12-20T13:26:02+00:00"
        },
        {
            "name": "yiisoft/yii2-debug",
            "version": "2.0.9",
            "source": {
                "type": "git",
                "url": "https://github.com/yiisoft/yii2-debug.git",
                "reference": "647be6c9d48dc2f3c2e2f33b9eba0a4ca78abde9"
            },
            "dist": {
                "type": "zip",
                "url": "https://api.github.com/repos/yiisoft/yii2-debug/zipball/647be6c9d48dc2f3c2e2f33b9eba0a4ca78abde9",
                "reference": "647be6c9d48dc2f3c2e2f33b9eba0a4ca78abde9",
                "shasum": ""
            },
            "require": {
                "yiisoft/yii2": "~2.0.11",
                "yiisoft/yii2-bootstrap": "~2.0.0"
            },
            "type": "yii2-extension",
            "extra": {
                "branch-alias": {
                    "dev-master": "2.0.x-dev"
                }
            },
            "autoload": {
                "psr-4": {
                    "yii\\debug\\": ""
                }
            },
            "notification-url": "https://packagist.org/downloads/",
            "license": [
                "BSD-3-Clause"
            ],
            "authors": [
                {
                    "name": "Qiang Xue",
                    "email": "qiang.xue@gmail.com"
                }
            ],
            "description": "The debugger extension for the Yii framework",
            "keywords": [
                "debug",
                "debugger",
                "yii2"
            ],
            "time": "2017-02-21T10:30:50+00:00"
        }
    ],
    "packages-dev": [],
    "aliases": [],
    "minimum-stability": "stable",
    "stability-flags": [],
    "prefer-stable": false,
    "prefer-lowest": false,
    "platform": [],
    "platform-dev": []
}
